
Microsoft Visual Studio Solution File, Format Version 12.00
# Visual Studio Version 17
VisualStudioVersion = 17.12.35707.178 d17.12
MinimumVisualStudioVersion = 10.0.40219.1
Project("{FAE04EC0-301F-11D3-BF4B-00C04F79EFBC}") = "Symmetry.Sales.ChatBot.Core", "src\Symmetry.Sales.ChatBot.Core\Symmetry.Sales.ChatBot.Core.csproj", "{1DE374A1-8F0B-4C47-95EF-E91647114A55}"
EndProject
Project("{FAE04EC0-301F-11D3-BF4B-00C04F79EFBC}") = "Symmetry.Sales.ChatBot.Infrastructure", "src\Symmetry.Sales.ChatBot.Infrastructure\Symmetry.Sales.ChatBot.Infrastructure.csproj", "{007BA8DD-6A07-4C8D-9555-BEAD4D16680E}"
EndProject
Project("{FAE04EC0-301F-11D3-BF4B-00C04F79EFBC}") = "Symmetry.Sales.ChatBot.UseCases", "src\Symmetry.Sales.ChatBot.UseCases\Symmetry.Sales.ChatBot.UseCases.csproj", "{097E49DD-9047-486B-A1F0-7878BE11579F}"
EndProject
Project("{FAE04EC0-301F-11D3-BF4B-00C04F79EFBC}") = "Symmetry.Sales.ChatBot.Web", "src\Symmetry.Sales.ChatBot.Web\Symmetry.Sales.ChatBot.Web.csproj", "{83DCF372-CC27-43D9-A4A2-67C72997E664}"
EndProject
Project("{FAE04EC0-301F-11D3-BF4B-00C04F79EFBC}") = "Symmetry.Sales.ChatBot.FunctionalTests", "tests\Symmetry.Sales.ChatBot.FunctionalTests\Symmetry.Sales.ChatBot.FunctionalTests.csproj", "{8A9EAF44-7385-4AAC-A68E-5B715C4A1B5F}"
EndProject
Project("{FAE04EC0-301F-11D3-BF4B-00C04F79EFBC}") = "Symmetry.Sales.ChatBot.IntegrationTests", "tests\Symmetry.Sales.ChatBot.IntegrationTests\Symmetry.Sales.ChatBot.IntegrationTests.csproj", "{A776768E-81CD-4185-8E71-8592BECB7831}"
EndProject
Project("{FAE04EC0-301F-11D3-BF4B-00C04F79EFBC}") = "Symmetry.Sales.ChatBot.UnitTests", "tests\Symmetry.Sales.ChatBot.UnitTests\Symmetry.Sales.ChatBot.UnitTests.csproj", "{078D177F-A657-48D1-BA71-736E4040B234}"
EndProject
Global
	GlobalSection(SolutionConfigurationPlatforms) = preSolution
		Debug|Any CPU = Debug|Any CPU
		Release|Any CPU = Release|Any CPU
	EndGlobalSection
	GlobalSection(ProjectConfigurationPlatforms) = postSolution
		{1DE374A1-8F0B-4C47-95EF-E91647114A55}.Debug|Any CPU.ActiveCfg = Debug|Any CPU
		{1DE374A1-8F0B-4C47-95EF-E91647114A55}.Debug|Any CPU.Build.0 = Debug|Any CPU
		{1DE374A1-8F0B-4C47-95EF-E91647114A55}.Release|Any CPU.ActiveCfg = Release|Any CPU
		{1DE374A1-8F0B-4C47-95EF-E91647114A55}.Release|Any CPU.Build.0 = Release|Any CPU
		{007BA8DD-6A07-4C8D-9555-BEAD4D16680E}.Debug|Any CPU.ActiveCfg = Debug|Any CPU
		{007BA8DD-6A07-4C8D-9555-BEAD4D16680E}.Debug|Any CPU.Build.0 = Debug|Any CPU
		{007BA8DD-6A07-4C8D-9555-BEAD4D16680E}.Release|Any CPU.ActiveCfg = Release|Any CPU
		{007BA8DD-6A07-4C8D-9555-BEAD4D16680E}.Release|Any CPU.Build.0 = Release|Any CPU
		{097E49DD-9047-486B-A1F0-7878BE11579F}.Debug|Any CPU.ActiveCfg = Debug|Any CPU
		{097E49DD-9047-486B-A1F0-7878BE11579F}.Debug|Any CPU.Build.0 = Debug|Any CPU
		{097E49DD-9047-486B-A1F0-7878BE11579F}.Release|Any CPU.ActiveCfg = Release|Any CPU
		{097E49DD-9047-486B-A1F0-7878BE11579F}.Release|Any CPU.Build.0 = Release|Any CPU
		{83DCF372-CC27-43D9-A4A2-67C72997E664}.Debug|Any CPU.ActiveCfg = Debug|Any CPU
		{83DCF372-CC27-43D9-A4A2-67C72997E664}.Debug|Any CPU.Build.0 = Debug|Any CPU
		{83DCF372-CC27-43D9-A4A2-67C72997E664}.Release|Any CPU.ActiveCfg = Release|Any CPU
		{83DCF372-CC27-43D9-A4A2-67C72997E664}.Release|Any CPU.Build.0 = Release|Any CPU
		{8A9EAF44-7385-4AAC-A68E-5B715C4A1B5F}.Debug|Any CPU.ActiveCfg = Debug|Any CPU
		{8A9EAF44-7385-4AAC-A68E-5B715C4A1B5F}.Debug|Any CPU.Build.0 = Debug|Any CPU
		{8A9EAF44-7385-4AAC-A68E-5B715C4A1B5F}.Release|Any CPU.ActiveCfg = Release|Any CPU
		{8A9EAF44-7385-4AAC-A68E-5B715C4A1B5F}.Release|Any CPU.Build.0 = Release|Any CPU
		{A776768E-81CD-4185-8E71-8592BECB7831}.Debug|Any CPU.ActiveCfg = Debug|Any CPU
		{A776768E-81CD-4185-8E71-8592BECB7831}.Debug|Any CPU.Build.0 = Debug|Any CPU
		{A776768E-81CD-4185-8E71-8592BECB7831}.Release|Any CPU.ActiveCfg = Release|Any CPU
		{A776768E-81CD-4185-8E71-8592BECB7831}.Release|Any CPU.Build.0 = Release|Any CPU
		{078D177F-A657-48D1-BA71-736E4040B234}.Debug|Any CPU.ActiveCfg = Debug|Any CPU
		{078D177F-A657-48D1-BA71-736E4040B234}.Debug|Any CPU.Build.0 = Debug|Any CPU
		{078D177F-A657-48D1-BA71-736E4040B234}.Release|Any CPU.ActiveCfg = Release|Any CPU
		{078D177F-A657-48D1-BA71-736E4040B234}.Release|Any CPU.Build.0 = Release|Any CPU
	EndGlobalSection
	GlobalSection(SolutionProperties) = preSolution
		HideSolutionNode = FALSE
	EndGlobalSection
EndGlobal
